
Microsoft Visual Studio Solution File, Format Version 12.00
# Visual Studio Version 17
VisualStudioVersion = 17.11.35208.52
MinimumVisualStudioVersion = 10.0.40219.1
Project("{FAE04EC0-301F-11D3-BF4B-00C04F79EFBC}") = "ProjectManagementApplication", "ProjectManagementApplication.csproj", "{A5C8B341-CF2F-48C9-AB7C-E83F9B8190DA}"
EndProject
Global
	GlobalSection(SolutionConfigurationPlatforms) = preSolution
		Debug|Any CPU = Debug|Any CPU
		Release|Any CPU = Release|Any CPU
	EndGlobalSection
	GlobalSection(ProjectConfigurationPlatforms) = postSolution
		{A5C8B341-CF2F-48C9-AB7C-E83F9B8190DA}.Debug|Any CPU.ActiveCfg = Debug|Any CPU
		{A5C8B341-CF2F-48C9-AB7C-E83F9B8190DA}.Debug|Any CPU.Build.0 = Debug|Any CPU
		{A5C8B341-CF2F-48C9-AB7C-E83F9B8190DA}.Release|Any CPU.ActiveCfg = Release|Any CPU
		{A5C8B341-CF2F-48C9-AB7C-E83F9B8190DA}.Release|Any CPU.Build.0 = Release|Any CPU
	EndGlobalSection
	GlobalSection(SolutionProperties) = preSolution
		HideSolutionNode = FALSE
	EndGlobalSection
	GlobalSection(ExtensibilityGlobals) = postSolution
		SolutionGuid = {0E57916D-2238-46C8-BBC3-39F787AD5648}
	EndGlobalSection
EndGlobal
